<?xml version="1.0" encoding="utf-8"?>
<Project ToolsVersion="4.0" xmlns="http://schemas.microsoft.com/developer/msbuild/2003">
  <ItemGroup>
    <Filter Include="Archivos de origen">
      <UniqueIdentifier>{4FC737F1-C7A5-4376-A066-2A32D752A2FF}</UniqueIdentifier>
      <Extensions>cpp;c;cc;cxx;def;odl;idl;hpj;bat;asm;asmx</Extensions>
    </Filter>
    <Filter Include="Archivos de encabezado">
      <UniqueIdentifier>{93995380-89BD-4b04-88EB-625FBE52EBFB}</UniqueIdentifier>
      <Extensions>h;hh;hpp;hxx;hm;inl;inc;ipp;xsd</Extensions>
    </Filter>
    <Filter Include="Archivos de recursos">
      <UniqueIdentifier>{67DA6AB6-F800-4c08-8B7A-83BB121AAD01}</UniqueIdentifier>
      <Extensions>rc;ico;cur;bmp;dlg;rc2;rct;bin;rgs;gif;jpg;jpeg;jpe;resx;tiff;tif;png;wav;mfcribbon-ms</Extensions>
    </Filter>
    <Filter Include="Archivos de recursos\texturas">
      <UniqueIdentifier>{39d47a3a-d6b9-47f7-ab16-3cae1a499da2}</UniqueIdentifier>
    </Filter>
  </ItemGroup>
  <ItemGroup>
    <ClCompile Include="Camera.cpp">
      <Filter>Archivos de origen</Filter>
    </ClCompile>
    <ClCompile Include="figuras.cpp">
      <Filter>Archivos de origen</Filter>
    </ClCompile>
    <ClCompile Include="Jerarquia.cpp">
      <Filter>Archivos de origen</Filter>
    </ClCompile>
    <ClCompile Include="texture.cpp">
      <Filter>Archivos de origen</Filter>
    </ClCompile>
  </ItemGroup>
  <ItemGroup>
    <ClInclude Include="Camera.h">
      <Filter>Archivos de encabezado</Filter>
    </ClInclude>
    <ClInclude Include="figuras.h">
      <Filter>Archivos de encabezado</Filter>
    </ClInclude>
    <ClInclude Include="texture.h">
      <Filter>Archivos de encabezado</Filter>
    </ClInclude>
    <ClInclude Include="cmodel\CModel.h">
      <Filter>Archivos de encabezado</Filter>
    </ClInclude>
    <ClInclude Include="maths\maths.h">
      <Filter>Archivos de encabezado</Filter>
    </ClInclude>
    <ClInclude Include="maths\matrix4x4.h">
      <Filter>Archivos de encabezado</Filter>
    </ClInclude>
    <ClInclude Include="maths\vector3d.h">
      <Filter>Archivos de encabezado</Filter>
    </ClInclude>
    <ClInclude Include="maths\vector4d.h">
      <Filter>Archivos de encabezado</Filter>
    </ClInclude>
    <ClInclude Include="cmodel\_3dsloader.h">
      <Filter>Archivos de encabezado</Filter>
    </ClInclude>
    <ClInclude Include="cmodel\CObject.h">
      <Filter>Archivos de encabezado</Filter>
    </ClInclude>
    <ClInclude Include="cmodel\GFILoader.h">
      <Filter>Archivos de encabezado</Filter>
    </ClInclude>
    <ClInclude Include="cmodel\HandleStream.h">
      <Filter>Archivos de encabezado</Filter>
    </ClInclude>
    <ClInclude Include="cmodel\imageload.h">
      <Filter>Archivos de encabezado</Filter>
    </ClInclude>
    <ClInclude Include="cmodel\linkedlist.h">
      <Filter>Archivos de encabezado</Filter>
    </ClInclude>
    <ClInclude Include="Header.h">
      <Filter>Archivos de encabezado</Filter>
    </ClInclude>
  </ItemGroup>
  <ItemGroup>
    <Image Include="01.bmp">
      <Filter>Archivos de recursos</Filter>
    </Image>
    <Image Include="logopumas.bmp">
      <Filter>Archivos de recursos</Filter>
    </Image>
    <Image Include="Tree01.tga">
      <Filter>Archivos de recursos</Filter>
    </Image>
    <Image Include="texturas\Grass_tile_A_diffuse.tga">
      <Filter>Archivos de recursos\texturas</Filter>
    </Image>
    <Image Include="casa\01.tga">
      <Filter>Archivos de recursos</Filter>
    </Image>
    <Image Include="casa\almohada.tga">
      <Filter>Archivos de recursos</Filter>
    </Image>
    <Image Include="casa\blue-sky-texture.tga">
      <Filter>Archivos de recursos</Filter>
    </Image>
    <Image Include="casa\cajon1.tga">
      <Filter>Archivos de recursos</Filter>
    </Image>
    <Image Include="casa\cajon2.tga">
      <Filter>Archivos de recursos</Filter>
    </Image>
    <Image Include="casa\cajon3.tga">
      <Filter>Archivos de recursos</Filter>
    </Image>
    <Image Include="casa\cajon4.tga">
      <Filter>Archivos de recursos</Filter>
    </Image>
    <Image Include="casa\clairo.tga">
      <Filter>Archivos de recursos</Filter>
    </Image>
    <Image Include="casa\cobija.tga">
      <Filter>Archivos de recursos</Filter>
    </Image>
    <Image Include="casa\coladera.tga">
      <Filter>Archivos de recursos</Filter>
    </Image>
    <Image Include="casa\concierto.tga">
      <Filter>Archivos de recursos</Filter>
    </Image>
    <Image Include="casa\conejo.tga">
      <Filter>Archivos de recursos</Filter>
    </Image>
    <Image Include="casa\cosasmueble.tga">
      <Filter>Archivos de recursos</Filter>
    </Image>
    <Image Include="casa\dibujo1.tga">
      <Filter>Archivos de recursos</Filter>
    </Image>
    <Image Include="casa\dibujo2.tga">
      <Filter>Archivos de recursos</Filter>
    </Image>
    <Image Include="casa\estrella.tga">
      <Filter>Archivos de recursos</Filter>
    </Image>
    <Image Include="casa\evangelion.tga">
      <Filter>Archivos de recursos</Filter>
    </Image>
    <Image Include="casa\fachada.tga">
      <Filter>Archivos de recursos</Filter>
    </Image>
    <Image Include="casa\feebles.tga">
      <Filter>Archivos de recursos</Filter>
    </Image>
    <Image Include="casa\jim.tga">
      <Filter>Archivos de recursos</Filter>
    </Image>
    <Image Include="casa\juegos.tga">
      <Filter>Archivos de recursos</Filter>
    </Image>
    <Image Include="casa\juegotele.tga">
      <Filter>Archivos de recursos</Filter>
    </Image>
    <Image Include="casa\madera.tga">
      <Filter>Archivos de recursos</Filter>
    </Image>
    <Image Include="casa\mueblenegrocosas.tga">
      <Filter>Archivos de recursos</Filter>
    </Image>
    <Image Include="casa\mueblenegrocosas2.tga">
      <Filter>Archivos de recursos</Filter>
    </Image>
    <Image Include="casa\negro.tga">
      <Filter>Archivos de recursos</Filter>
    </Image>
    <Image Include="casa\noise.gif">
      <Filter>Archivos de recursos</Filter>
    </Image>
    <Image Include="casa\pared.tga">
      <Filter>Archivos de recursos</Filter>
    </Image>
    <Image Include="casa\pelea.tga">
      <Filter>Archivos de recursos</Filter>
    </Image>
    <Image Include="casa\piso.tga">
      <Filter>Archivos de recursos</Filter>
    </Image>
    <Image Include="casa\piso2.tga">
      <Filter>Archivos de recursos</Filter>
    </Image>
    <Image Include="casa\pisoA.tga">
      <Filter>Archivos de recursos</Filter>
    </Image>
    <Image Include="casa\poster1.tga">
      <Filter>Archivos de recursos</Filter>
    </Image>
    <Image Include="casa\poster2.tga">
      <Filter>Archivos de recursos</Filter>
    </Image>
    <Image Include="casa\poster3.tga">
      <Filter>Archivos de recursos</Filter>
    </Image>
    <Image Include="casa\poster4.tga">
      <Filter>Archivos de recursos</Filter>
    </Image>
    <Image Include="casa\puerta.tga">
      <Filter>Archivos de recursos</Filter>
    </Image>
    <Image Include="casa\puertaD.tga">
      <Filter>Archivos de recursos</Filter>
    </Image>
    <Image Include="casa\puertaD2.tga">
      <Filter>Archivos de recursos</Filter>
    </Image>
    <Image Include="casa\puertaF.tga">
      <Filter>Archivos de recursos</Filter>
    </Image>
    <Image Include="casa\puertaF2.tga">
      <Filter>Archivos de recursos</Filter>
    </Image>
    <Image Include="casa\puertaropero.tga">
      <Filter>Archivos de recursos</Filter>
    </Image>
    <Image Include="casa\QuickEagerCrocodileskink-size_restricted.gif">
      <Filter>Archivos de recursos</Filter>
    </Image>
    <Image Include="casa\revistas.tga">
      <Filter>Archivos de recursos</Filter>
    </Image>
    <Image Include="casa\Ropero.tga">
      <Filter>Archivos de recursos</Filter>
    </Image>
    <Image Include="casa\Ropero1.tga">
      <Filter>Archivos de recursos</Filter>
    </Image>
    <Image Include="casa\shenlong.tga">
      <Filter>Archivos de recursos</Filter>
    </Image>
    <Image Include="casa\shini.tga">
      <Filter>Archivos de recursos</Filter>
    </Image>
    <Image Include="casa\smash.tga">
      <Filter>Archivos de recursos</Filter>
    </Image>
    <Image Include="casa\starman.tga">
      <Filter>Archivos de recursos</Filter>
    </Image>
    <Image Include="casa\Static.gif">
      <Filter>Archivos de recursos</Filter>
    </Image>
    <Image Include="casa\techo.tga">
      <Filter>Archivos de recursos</Filter>
    </Image>
    <Image Include="casa\tele.tga">
      <Filter>Archivos de recursos</Filter>
    </Image>
    <Image Include="casa\Texture.tga">
      <Filter>Archivos de recursos</Filter>
    </Image>
    <Image Include="casa\transparente.tga">
      <Filter>Archivos de recursos</Filter>
    </Image>
    <Image Include="casa\ventana.tga">
      <Filter>Archivos de recursos</Filter>
    </Image>
    <Image Include="casa\ventanaV.tga">
      <Filter>Archivos de recursos</Filter>
    </Image>
    <Image Include="casa\zelda1.tga">
      <Filter>Archivos de recursos</Filter>
    </Image>
    <Image Include="casa\zelda2.tga">
      <Filter>Archivos de recursos</Filter>
    </Image>
  </ItemGroup>
  <ItemGroup>
    <None Include="casa\Alien.3ds">
      <Filter>Archivos de recursos</Filter>
    </None>
    <None Include="casa\Argise_The_Green_Alien_3DS.zip">
      <Filter>Archivos de recursos</Filter>
    </None>
    <None Include="casa\carro.3DS">
      <Filter>Archivos de recursos</Filter>
    </None>
    <None Include="casa\cartooneyes_3DS.zip">
      <Filter>Archivos de recursos</Filter>
    </None>
    <None Include="casa\chair.3ds">
      <Filter>Archivos de recursos</Filter>
    </None>
    <None Include="casa\couch.3ds">
      <Filter>Archivos de recursos</Filter>
    </None>
    <None Include="casa\crt.3DS">
      <Filter>Archivos de recursos</Filter>
    </None>
    <None Include="casa\duck.3DS">
      <Filter>Archivos de recursos</Filter>
    </None>
    <None Include="casa\Gamecube.3ds">
      <Filter>Archivos de recursos</Filter>
    </None>
    <None Include="casa\Lightbulb.3ds">
      <Filter>Archivos de recursos</Filter>
    </None>
    <None Include="casa\ojos.3DS">
      <Filter>Archivos de recursos</Filter>
    </None>
    <None Include="casa\roche_bobois_chair_3ds.zip">
      <Filter>Archivos de recursos</Filter>
    </None>
    <None Include="casa\Sofa.3ds">
      <Filter>Archivos de recursos</Filter>
    </None>
    <None Include="casa\Sofa1.3ds">
      <Filter>Archivos de recursos</Filter>
    </None>
    <None Include="casa\sofa2.3ds">
      <Filter>Archivos de recursos</Filter>
    </None>
    <None Include="casa\starman.mp3.sfk">
      <Filter>Archivos de recursos</Filter>
    </None>
    <None Include="casa\Wii.3ds">
      <Filter>Archivos de recursos</Filter>
    </None>
  </ItemGroup>
  <ItemGroup>
    <Media Include="casa\starman.mp3">
      <Filter>Archivos de recursos</Filter>
    </Media>
    <Media Include="casa\starman.wav">
      <Filter>Archivos de recursos</Filter>
    </Media>
    <Media Include="casa\starmanwav.wav">
      <Filter>Archivos de recursos</Filter>
    </Media>
  </ItemGroup>
</Project>